# This file is automatically @generated by Cargo.
# It is not intended for manual editing.
version = 4

[[package]]
name = "boot"
version = "0.1.0"

[[package]]
name = "drivers"
version = "0.1.0"

[[package]]
name = "fs"
version = "0.1.0"

[[package]]
name = "gui"
version = "0.1.0"

[[package]]
name = "kernel"
version = "0.1.0"

[[package]]
name = "neobench"
version = "0.1.0"
dependencies = [
 "boot",
 "gui",
 "kernel",
]

[[package]]
name = "shell"
version = "0.1.0"

[[package]]
name = "startup"
version = "0.1.0"
